<?xml version="1.0" encoding="UTF-8" standalone="yes" ?>
<CodeBlocks_project_file>
	<FileVersion major="1" minor="6" />
	<Project>
		<Option title="projectgame" />
		<Option pch_mode="2" />
		<Option compiler="gcc" />
		<Build>
			<Target title="Debug">
				<Option output="bin/Debug/projectgame" prefix_auto="1" extension_auto="1" />
				<Option object_output="obj/Debug/" />
				<Option type="1" />
				<Option compiler="gcc" />
				<Compiler>
					<Add option="-g" />
				</Compiler>
			</Target>
			<Target title="Release">
				<Option output="bin/Release/projectgame" prefix_auto="1" extension_auto="1" />
				<Option object_output="obj/Release/" />
				<Option type="1" />
				<Option compiler="gcc" />
				<Compiler>
					<Add option="-O2" />
				</Compiler>
				<Linker>
					<Add option="-s" />
				</Linker>
			</Target>
		</Build>
		<Compiler>
			<Add option="-Wall" />
			<Add option="-fexceptions" />
		</Compiler>
		<Unit filename="SDL2.dll" />
		<Unit filename="STLalgorithm.txt" />
		<Unit filename="note.txt" />
		<Unit filename="src/Ball.hpp" />
		<Unit filename="src/Ball_func.cpp" />
		<Unit filename="src/Block.hpp" />
		<Unit filename="src/Block_func.cpp" />
		<Unit filename="src/Hole.hpp" />
		<Unit filename="src/Hole_func.cpp" />
		<Unit filename="src/Ice.hpp" />
		<Unit filename="src/InfoBlock.hpp" />
		<Unit filename="src/InfoWind.hpp" />
		<Unit filename="src/LTexture.hpp" />
		<Unit filename="src/LTexture_func.cpp" />
		<Unit filename="src/PairTeleports.cpp" />
		<Unit filename="src/PairTeleports.hpp" />
		<Unit filename="src/Player.hpp" />
		<Unit filename="src/Swamp.cpp" />
		<Unit filename="src/Swamp.hpp" />
		<Unit filename="src/Teleport.cpp" />
		<Unit filename="src/Teleport.hpp" />
		<Unit filename="src/Timer.hpp" />
		<Unit filename="src/Timer_func.cpp" />
		<Unit filename="src/Utils.hpp" />
		<Unit filename="src/Vec2d.hpp" />
		<Unit filename="src/Wind.hpp" />
		<Unit filename="src/ice.cpp" />
		<Unit filename="src/main.cpp" />
		<Unit filename="src/params.cpp" />
		<Unit filename="src/params.hpp" />
		<Unit filename="src/player.cpp" />
		<Unit filename="src/wind.cpp" />
		<Extensions>
			<lib_finder disable_auto="1" />
		</Extensions>
	</Project>
</CodeBlocks_project_file>
