<?xml version="1.0" encoding="UTF-8" standalone="yes" ?>
<CodeBlocks_project_file>
	<FileVersion major="1" minor="6" />
	<Project>
		<Option title="projectgame" />
		<Option pch_mode="2" />
		<Option compiler="gcc" />
		<Build>
			<Target title="Debug">
				<Option output="bin/Debug/projectgame" prefix_auto="1" extension_auto="1" />
				<Option object_output="obj/Debug/" />
				<Option type="1" />
				<Option compiler="gcc" />
				<Compiler>
					<Add option="-g" />
				</Compiler>
			</Target>
			<Target title="Release">
				<Option output="bin/Release/projectgame" prefix_auto="1" extension_auto="1" />
				<Option object_output="obj/Release/" />
				<Option type="1" />
				<Option compiler="gcc" />
				<Compiler>
					<Add option="-O2" />
				</Compiler>
				<Linker>
					<Add option="-s" />
				</Linker>
			</Target>
		</Build>
		<Compiler>
			<Add option="-Wall" />
			<Add option="-fexceptions" />
		</Compiler>
		<Unit filename="Ball.hpp" />
		<Unit filename="Ball_func.cpp" />
		<Unit filename="Block.hpp" />
		<Unit filename="Block_func.cpp" />
		<Unit filename="Hole.hpp" />
		<Unit filename="Hole_func.cpp" />
		<Unit filename="LTexture.hpp" />
		<Unit filename="LTexture_func.cpp" />
		<Unit filename="PairTeleports.cpp" />
		<Unit filename="PairTeleports.hpp" />
		<Unit filename="SDL2.dll" />
		<Unit filename="STLalgorithm.txt" />
		<Unit filename="Teleport.cpp" />
		<Unit filename="Teleport.hpp" />
		<Unit filename="Utils.hpp" />
		<Unit filename="Vec2d.hpp" />
		<Unit filename="main.cpp" />
		<Unit filename="note.txt" />
		<Unit filename="params.cpp" />
		<Unit filename="params.hpp" />
		<Extensions>
			<lib_finder disable_auto="1" />
		</Extensions>
	</Project>
</CodeBlocks_project_file>
